
Microsoft Visual Studio Solution File, Format Version 12.00
# Visual Studio 2012
Project("{FAE04EC0-301F-11D3-BF4B-00C04F79EFBC}") = "AliveChessClient", "AliveChessClient\AliveChessClient.csproj", "{C47A0F3D-29CF-40A6-8A8F-B8E29A9D16BA}"
EndProject
Global
	GlobalSection(SolutionConfigurationPlatforms) = preSolution
		Debug|Any CPU = Debug|Any CPU
		Release|Any CPU = Release|Any CPU
	EndGlobalSection
	GlobalSection(ProjectConfigurationPlatforms) = postSolution
		{C47A0F3D-29CF-40A6-8A8F-B8E29A9D16BA}.Debug|Any CPU.ActiveCfg = Debug|Any CPU
		{C47A0F3D-29CF-40A6-8A8F-B8E29A9D16BA}.Debug|Any CPU.Build.0 = Debug|Any CPU
		{C47A0F3D-29CF-40A6-8A8F-B8E29A9D16BA}.Release|Any CPU.ActiveCfg = Release|Any CPU
		{C47A0F3D-29CF-40A6-8A8F-B8E29A9D16BA}.Release|Any CPU.Build.0 = Release|Any CPU
	EndGlobalSection
	GlobalSection(SolutionProperties) = preSolution
		HideSolutionNode = FALSE
	EndGlobalSection
EndGlobal
